
Microsoft Visual Studio Solution File, Format Version 12.00
# Visual Studio Version 17
VisualStudioVersion = 17.0.31903.59
MinimumVisualStudioVersion = 10.0.40219.1
Project("{8BC9CEB8-8B4A-11D0-8D11-00A0C91BC942}") = "demo_framework", "demo_framework\demo_framework.vcxproj", "{155ABA4F-F7CB-40B1-8497-385847907BE1}"
EndProject
Project("{8BC9CEB8-8B4A-11D0-8D11-00A0C91BC942}") = "demo001", "demo001\demo001.vcxproj", "{13434107-61AC-4226-93CA-E6A654C9EDE9}"
EndProject
Project("{8BC9CEB8-8B4A-11D0-8D11-00A0C91BC942}") = "re01", "re01\re01.vcxproj", "{6684681A-A8D3-4B61-9C7E-DBE8FD6BB906}"
EndProject
Global
	GlobalSection(SolutionConfigurationPlatforms) = preSolution
		Debug|x64 = Debug|x64
		Debug|x86 = Debug|x86
		Release|x64 = Release|x64
		Release|x86 = Release|x86
	EndGlobalSection
	GlobalSection(ProjectConfigurationPlatforms) = postSolution
		{155ABA4F-F7CB-40B1-8497-385847907BE1}.Debug|x64.ActiveCfg = Debug|x64
		{155ABA4F-F7CB-40B1-8497-385847907BE1}.Debug|x64.Build.0 = Debug|x64
		{155ABA4F-F7CB-40B1-8497-385847907BE1}.Debug|x86.ActiveCfg = Debug|Win32
		{155ABA4F-F7CB-40B1-8497-385847907BE1}.Debug|x86.Build.0 = Debug|Win32
		{155ABA4F-F7CB-40B1-8497-385847907BE1}.Release|x64.ActiveCfg = Release|x64
		{155ABA4F-F7CB-40B1-8497-385847907BE1}.Release|x64.Build.0 = Release|x64
		{155ABA4F-F7CB-40B1-8497-385847907BE1}.Release|x86.ActiveCfg = Release|Win32
		{155ABA4F-F7CB-40B1-8497-385847907BE1}.Release|x86.Build.0 = Release|Win32
		{13434107-61AC-4226-93CA-E6A654C9EDE9}.Debug|x64.ActiveCfg = Debug|x64
		{13434107-61AC-4226-93CA-E6A654C9EDE9}.Debug|x64.Build.0 = Debug|x64
		{13434107-61AC-4226-93CA-E6A654C9EDE9}.Debug|x86.ActiveCfg = Debug|Win32
		{13434107-61AC-4226-93CA-E6A654C9EDE9}.Debug|x86.Build.0 = Debug|Win32
		{13434107-61AC-4226-93CA-E6A654C9EDE9}.Release|x64.ActiveCfg = Release|x64
		{13434107-61AC-4226-93CA-E6A654C9EDE9}.Release|x64.Build.0 = Release|x64
		{13434107-61AC-4226-93CA-E6A654C9EDE9}.Release|x86.ActiveCfg = Release|Win32
		{13434107-61AC-4226-93CA-E6A654C9EDE9}.Release|x86.Build.0 = Release|Win32
		{6684681A-A8D3-4B61-9C7E-DBE8FD6BB906}.Debug|x64.ActiveCfg = Debug|x64
		{6684681A-A8D3-4B61-9C7E-DBE8FD6BB906}.Debug|x64.Build.0 = Debug|x64
		{6684681A-A8D3-4B61-9C7E-DBE8FD6BB906}.Debug|x86.ActiveCfg = Debug|Win32
		{6684681A-A8D3-4B61-9C7E-DBE8FD6BB906}.Debug|x86.Build.0 = Debug|Win32
		{6684681A-A8D3-4B61-9C7E-DBE8FD6BB906}.Release|x64.ActiveCfg = Release|x64
		{6684681A-A8D3-4B61-9C7E-DBE8FD6BB906}.Release|x64.Build.0 = Release|x64
		{6684681A-A8D3-4B61-9C7E-DBE8FD6BB906}.Release|x86.ActiveCfg = Release|Win32
		{6684681A-A8D3-4B61-9C7E-DBE8FD6BB906}.Release|x86.Build.0 = Release|Win32
	EndGlobalSection
	GlobalSection(SolutionProperties) = preSolution
		HideSolutionNode = FALSE
	EndGlobalSection
	GlobalSection(ExtensibilityGlobals) = postSolution
		SolutionGuid = {135BE82E-03C1-4F3F-BC6A-9B7E73649F8B}
	EndGlobalSection
EndGlobal
