<?xml version="1.0" encoding="utf-8"?>
<Project ToolsVersion="4.0" xmlns="http://schemas.microsoft.com/developer/msbuild/2003">
  <ItemGroup>
    <ClCompile Include="mydemo.cpp" />
  </ItemGroup>
  <ItemGroup>
    <ClInclude Include="mydemo.hpp" />
  </ItemGroup>
  <ItemGroup>
    <FxCompile Include="shaders\default.hlsl" />
  </ItemGroup>
</Project>